
Microsoft Visual Studio Solution File, Format Version 12.00
# Visual Studio Version 16
VisualStudioVersion = 16.0.31624.102
MinimumVisualStudioVersion = 10.0.40219.1
Project("{FAE04EC0-301F-11D3-BF4B-00C04F79EFBC}") = "MoreLoops", "MoreLoops\MoreLoops.csproj", "{3CB22067-4ED2-48CA-9E01-121AFEACAB3B}"
EndProject
Project("{FAE04EC0-301F-11D3-BF4B-00C04F79EFBC}") = "OROperator", "OROperator\OROperator.csproj", "{EBAE0095-3659-4C98-8E06-9071633E324B}"
EndProject
Project("{FAE04EC0-301F-11D3-BF4B-00C04F79EFBC}") = "LoginValidation", "LoginValidation\LoginValidation.csproj", "{8EA37B22-781F-49B9-8220-49AB25500B54}"
EndProject
Project("{FAE04EC0-301F-11D3-BF4B-00C04F79EFBC}") = "ForLoop", "ForLoop\ForLoop.csproj", "{3BB86834-17AC-49EF-BA54-5595DA376A98}"
EndProject
Project("{FAE04EC0-301F-11D3-BF4B-00C04F79EFBC}") = "OneToTen", "OneToTen\OneToTen.csproj", "{482B69EE-1FD0-4EE4-A6B1-2B3BBACF5BAD}"
EndProject
Project("{FAE04EC0-301F-11D3-BF4B-00C04F79EFBC}") = "TenToOne", "TenToOne\TenToOne.csproj", "{33C49AB1-7D72-4DC9-A925-F88888297767}"
EndProject
Project("{FAE04EC0-301F-11D3-BF4B-00C04F79EFBC}") = "ForLoopSum", "ForLoopSum\ForLoopSum.csproj", "{516134BD-A831-44A8-B935-8DE2AC8FF706}"
EndProject
Project("{FAE04EC0-301F-11D3-BF4B-00C04F79EFBC}") = "DiceGame", "DiceGame\DiceGame.csproj", "{EDFE39E9-387F-44B3-9E16-190891AA0558}"
EndProject
Global
	GlobalSection(SolutionConfigurationPlatforms) = preSolution
		Debug|Any CPU = Debug|Any CPU
		Release|Any CPU = Release|Any CPU
	EndGlobalSection
	GlobalSection(ProjectConfigurationPlatforms) = postSolution
		{3CB22067-4ED2-48CA-9E01-121AFEACAB3B}.Debug|Any CPU.ActiveCfg = Debug|Any CPU
		{3CB22067-4ED2-48CA-9E01-121AFEACAB3B}.Debug|Any CPU.Build.0 = Debug|Any CPU
		{3CB22067-4ED2-48CA-9E01-121AFEACAB3B}.Release|Any CPU.ActiveCfg = Release|Any CPU
		{3CB22067-4ED2-48CA-9E01-121AFEACAB3B}.Release|Any CPU.Build.0 = Release|Any CPU
		{EBAE0095-3659-4C98-8E06-9071633E324B}.Debug|Any CPU.ActiveCfg = Debug|Any CPU
		{EBAE0095-3659-4C98-8E06-9071633E324B}.Debug|Any CPU.Build.0 = Debug|Any CPU
		{EBAE0095-3659-4C98-8E06-9071633E324B}.Release|Any CPU.ActiveCfg = Release|Any CPU
		{EBAE0095-3659-4C98-8E06-9071633E324B}.Release|Any CPU.Build.0 = Release|Any CPU
		{8EA37B22-781F-49B9-8220-49AB25500B54}.Debug|Any CPU.ActiveCfg = Debug|Any CPU
		{8EA37B22-781F-49B9-8220-49AB25500B54}.Debug|Any CPU.Build.0 = Debug|Any CPU
		{8EA37B22-781F-49B9-8220-49AB25500B54}.Release|Any CPU.ActiveCfg = Release|Any CPU
		{8EA37B22-781F-49B9-8220-49AB25500B54}.Release|Any CPU.Build.0 = Release|Any CPU
		{3BB86834-17AC-49EF-BA54-5595DA376A98}.Debug|Any CPU.ActiveCfg = Debug|Any CPU
		{3BB86834-17AC-49EF-BA54-5595DA376A98}.Debug|Any CPU.Build.0 = Debug|Any CPU
		{3BB86834-17AC-49EF-BA54-5595DA376A98}.Release|Any CPU.ActiveCfg = Release|Any CPU
		{3BB86834-17AC-49EF-BA54-5595DA376A98}.Release|Any CPU.Build.0 = Release|Any CPU
		{482B69EE-1FD0-4EE4-A6B1-2B3BBACF5BAD}.Debug|Any CPU.ActiveCfg = Debug|Any CPU
		{482B69EE-1FD0-4EE4-A6B1-2B3BBACF5BAD}.Debug|Any CPU.Build.0 = Debug|Any CPU
		{482B69EE-1FD0-4EE4-A6B1-2B3BBACF5BAD}.Release|Any CPU.ActiveCfg = Release|Any CPU
		{482B69EE-1FD0-4EE4-A6B1-2B3BBACF5BAD}.Release|Any CPU.Build.0 = Release|Any CPU
		{33C49AB1-7D72-4DC9-A925-F88888297767}.Debug|Any CPU.ActiveCfg = Debug|Any CPU
		{33C49AB1-7D72-4DC9-A925-F88888297767}.Debug|Any CPU.Build.0 = Debug|Any CPU
		{33C49AB1-7D72-4DC9-A925-F88888297767}.Release|Any CPU.ActiveCfg = Release|Any CPU
		{33C49AB1-7D72-4DC9-A925-F88888297767}.Release|Any CPU.Build.0 = Release|Any CPU
		{516134BD-A831-44A8-B935-8DE2AC8FF706}.Debug|Any CPU.ActiveCfg = Debug|Any CPU
		{516134BD-A831-44A8-B935-8DE2AC8FF706}.Debug|Any CPU.Build.0 = Debug|Any CPU
		{516134BD-A831-44A8-B935-8DE2AC8FF706}.Release|Any CPU.ActiveCfg = Release|Any CPU
		{516134BD-A831-44A8-B935-8DE2AC8FF706}.Release|Any CPU.Build.0 = Release|Any CPU
		{EDFE39E9-387F-44B3-9E16-190891AA0558}.Debug|Any CPU.ActiveCfg = Debug|Any CPU
		{EDFE39E9-387F-44B3-9E16-190891AA0558}.Debug|Any CPU.Build.0 = Debug|Any CPU
		{EDFE39E9-387F-44B3-9E16-190891AA0558}.Release|Any CPU.ActiveCfg = Release|Any CPU
		{EDFE39E9-387F-44B3-9E16-190891AA0558}.Release|Any CPU.Build.0 = Release|Any CPU
	EndGlobalSection
	GlobalSection(SolutionProperties) = preSolution
		HideSolutionNode = FALSE
	EndGlobalSection
	GlobalSection(ExtensibilityGlobals) = postSolution
		SolutionGuid = {BB4D890B-0892-47F9-881E-E63F6CD35AC5}
	EndGlobalSection
EndGlobal
